
Microsoft Visual Studio Solution File, Format Version 12.00
Project("{FAE04EC0-301F-11D3-BF4B-00C04F79EFBC}") = "SaaS.WebApp", "SaaS.WebApp\SaaS.WebApp.csproj", "{99EEE904-D721-4F7F-8A92-B360BC5666A1}"
EndProject
Global
	GlobalSection(SolutionConfigurationPlatforms) = preSolution
		Debug|Any CPU = Debug|Any CPU
		Release|Any CPU = Release|Any CPU
	EndGlobalSection
	GlobalSection(ProjectConfigurationPlatforms) = postSolution
		{99EEE904-D721-4F7F-8A92-B360BC5666A1}.Debug|Any CPU.ActiveCfg = Debug|Any CPU
		{99EEE904-D721-4F7F-8A92-B360BC5666A1}.Debug|Any CPU.Build.0 = Debug|Any CPU
		{99EEE904-D721-4F7F-8A92-B360BC5666A1}.Release|Any CPU.ActiveCfg = Release|Any CPU
		{99EEE904-D721-4F7F-8A92-B360BC5666A1}.Release|Any CPU.Build.0 = Release|Any CPU
	EndGlobalSection
EndGlobal
